
Microsoft Visual Studio Solution File, Format Version 12.00
# Visual Studio Version 17
VisualStudioVersion = 17.0.32112.339
MinimumVisualStudioVersion = 10.0.40219.1
Project("{9A19103F-16F7-4668-BE54-9A1E7A4F7556}") = "OrderManagement.Core", "src\OrderManagement.Core\OrderManagement.Core.csproj", "{B1778BFF-8AB6-41FA-A6E7-F23A6C153B88}"
EndProject
Project("{9A19103F-16F7-4668-BE54-9A1E7A4F7556}") = "OrderManagement.Entities", "src\OrderManagement.Entities\OrderManagement.Entities.csproj", "{B102E31A-1260-4FCC-936B-3B44102BD359}"
EndProject
Project("{9A19103F-16F7-4668-BE54-9A1E7A4F7556}") = "OrderManagement.DTOs", "src\OrderManagement.DTOs\OrderManagement.DTOs.csproj", "{ED497EEC-1C0C-4D3C-84CE-213834948446}"
EndProject
Project("{9A19103F-16F7-4668-BE54-9A1E7A4F7556}") = "OrderManagement.Service", "src\OrderManagement.Service\OrderManagement.Service.csproj", "{E919FD63-565E-48FF-AE22-BCD5FCA98F72}"
EndProject
Project("{9A19103F-16F7-4668-BE54-9A1E7A4F7556}") = "OrderManagement.Repository", "src\OrderManagement.Repository\OrderManagement.Repository.csproj", "{B5B41BC0-2894-42C1-AFE5-38D16EAA38C3}"
EndProject
Project("{9A19103F-16F7-4668-BE54-9A1E7A4F7556}") = "OrderManagement.ApiHost", "src\OrderManagement.ApiHost\OrderManagement.ApiHost.csproj", "{1F7ED422-5AB4-499F-B73C-CDD29438460A}"
EndProject
Project("{9A19103F-16F7-4668-BE54-9A1E7A4F7556}") = "OrderManagement.HttpApi", "src\OrderManagement.HttpApi\OrderManagement.HttpApi.csproj", "{18DD4E57-5A68-4FDC-9606-819BAE6402DB}"
EndProject
Global
	GlobalSection(SolutionConfigurationPlatforms) = preSolution
		Debug|Any CPU = Debug|Any CPU
		Release|Any CPU = Release|Any CPU
	EndGlobalSection
	GlobalSection(ProjectConfigurationPlatforms) = postSolution
		{B1778BFF-8AB6-41FA-A6E7-F23A6C153B88}.Debug|Any CPU.ActiveCfg = Debug|Any CPU
		{B1778BFF-8AB6-41FA-A6E7-F23A6C153B88}.Debug|Any CPU.Build.0 = Debug|Any CPU
		{B1778BFF-8AB6-41FA-A6E7-F23A6C153B88}.Release|Any CPU.ActiveCfg = Release|Any CPU
		{B1778BFF-8AB6-41FA-A6E7-F23A6C153B88}.Release|Any CPU.Build.0 = Release|Any CPU
		{B102E31A-1260-4FCC-936B-3B44102BD359}.Debug|Any CPU.ActiveCfg = Debug|Any CPU
		{B102E31A-1260-4FCC-936B-3B44102BD359}.Debug|Any CPU.Build.0 = Debug|Any CPU
		{B102E31A-1260-4FCC-936B-3B44102BD359}.Release|Any CPU.ActiveCfg = Release|Any CPU
		{B102E31A-1260-4FCC-936B-3B44102BD359}.Release|Any CPU.Build.0 = Release|Any CPU
		{ED497EEC-1C0C-4D3C-84CE-213834948446}.Debug|Any CPU.ActiveCfg = Debug|Any CPU
		{ED497EEC-1C0C-4D3C-84CE-213834948446}.Debug|Any CPU.Build.0 = Debug|Any CPU
		{ED497EEC-1C0C-4D3C-84CE-213834948446}.Release|Any CPU.ActiveCfg = Release|Any CPU
		{ED497EEC-1C0C-4D3C-84CE-213834948446}.Release|Any CPU.Build.0 = Release|Any CPU
		{E919FD63-565E-48FF-AE22-BCD5FCA98F72}.Debug|Any CPU.ActiveCfg = Debug|Any CPU
		{E919FD63-565E-48FF-AE22-BCD5FCA98F72}.Debug|Any CPU.Build.0 = Debug|Any CPU
		{E919FD63-565E-48FF-AE22-BCD5FCA98F72}.Release|Any CPU.ActiveCfg = Release|Any CPU
		{E919FD63-565E-48FF-AE22-BCD5FCA98F72}.Release|Any CPU.Build.0 = Release|Any CPU
		{B5B41BC0-2894-42C1-AFE5-38D16EAA38C3}.Debug|Any CPU.ActiveCfg = Debug|Any CPU
		{B5B41BC0-2894-42C1-AFE5-38D16EAA38C3}.Debug|Any CPU.Build.0 = Debug|Any CPU
		{B5B41BC0-2894-42C1-AFE5-38D16EAA38C3}.Release|Any CPU.ActiveCfg = Release|Any CPU
		{B5B41BC0-2894-42C1-AFE5-38D16EAA38C3}.Release|Any CPU.Build.0 = Release|Any CPU
		{1F7ED422-5AB4-499F-B73C-CDD29438460A}.Debug|Any CPU.ActiveCfg = Debug|Any CPU
		{1F7ED422-5AB4-499F-B73C-CDD29438460A}.Debug|Any CPU.Build.0 = Debug|Any CPU
		{1F7ED422-5AB4-499F-B73C-CDD29438460A}.Release|Any CPU.ActiveCfg = Release|Any CPU
		{1F7ED422-5AB4-499F-B73C-CDD29438460A}.Release|Any CPU.Build.0 = Release|Any CPU
		{18DD4E57-5A68-4FDC-9606-819BAE6402DB}.Debug|Any CPU.ActiveCfg = Debug|Any CPU
		{18DD4E57-5A68-4FDC-9606-819BAE6402DB}.Debug|Any CPU.Build.0 = Debug|Any CPU
		{18DD4E57-5A68-4FDC-9606-819BAE6402DB}.Release|Any CPU.ActiveCfg = Release|Any CPU
		{18DD4E57-5A68-4FDC-9606-819BAE6402DB}.Release|Any CPU.Build.0 = Release|Any CPU
	EndGlobalSection
	GlobalSection(SolutionProperties) = preSolution
		HideSolutionNode = FALSE
	EndGlobalSection
	GlobalSection(ExtensibilityGlobals) = postSolution
		SolutionGuid = {0F3077CF-B4D9-439D-B665-381F7A2567B3}
	EndGlobalSection
EndGlobal
